
Microsoft Visual Studio Solution File, Format Version 12.00
# Visual Studio 15
VisualStudioVersion = 15.0.26823.1
MinimumVisualStudioVersion = 10.0.40219.1
Project("{FAE04EC0-301F-11D3-BF4B-00C04F79EFBC}") = "Kata20170825_DoesMyNumberLookBigInThis", "Kata20170825_DoesMyNumberLookBigInThis\Kata20170825_DoesMyNumberLookBigInThis.csproj", "{1D0DC306-2984-4EB4-A3DB-3F925C8A0920}"
EndProject
Global
	GlobalSection(SolutionConfigurationPlatforms) = preSolution
		Debug|Any CPU = Debug|Any CPU
		Release|Any CPU = Release|Any CPU
	EndGlobalSection
	GlobalSection(ProjectConfigurationPlatforms) = postSolution
		{1D0DC306-2984-4EB4-A3DB-3F925C8A0920}.Debug|Any CPU.ActiveCfg = Debug|Any CPU
		{1D0DC306-2984-4EB4-A3DB-3F925C8A0920}.Debug|Any CPU.Build.0 = Debug|Any CPU
		{1D0DC306-2984-4EB4-A3DB-3F925C8A0920}.Release|Any CPU.ActiveCfg = Release|Any CPU
		{1D0DC306-2984-4EB4-A3DB-3F925C8A0920}.Release|Any CPU.Build.0 = Release|Any CPU
	EndGlobalSection
	GlobalSection(SolutionProperties) = preSolution
		HideSolutionNode = FALSE
	EndGlobalSection
	GlobalSection(ExtensibilityGlobals) = postSolution
		SolutionGuid = {D5099639-FA26-488D-9091-B82D57928A6B}
	EndGlobalSection
	GlobalSection(CodealikeProperties) = postSolution
		SolutionGuid = d5099639-fa26-488d-9091-b82d57928a6b
	EndGlobalSection
EndGlobal
